
Microsoft Visual Studio Solution File, Format Version 12.00
# Visual Studio Version 17
VisualStudioVersion = 17.9.34701.34
MinimumVisualStudioVersion = 10.0.40219.1
Project("{FAE04EC0-301F-11D3-BF4B-00C04F79EFBC}") = "LabTasks#15", "LabTasks#15\LabTasks#15.csproj", "{A09496CE-B057-4FDD-B645-B69A2D98F3A6}"
EndProject
Global
	GlobalSection(SolutionConfigurationPlatforms) = preSolution
		Debug|Any CPU = Debug|Any CPU
		Release|Any CPU = Release|Any CPU
	EndGlobalSection
	GlobalSection(ProjectConfigurationPlatforms) = postSolution
		{A09496CE-B057-4FDD-B645-B69A2D98F3A6}.Debug|Any CPU.ActiveCfg = Debug|Any CPU
		{A09496CE-B057-4FDD-B645-B69A2D98F3A6}.Debug|Any CPU.Build.0 = Debug|Any CPU
		{A09496CE-B057-4FDD-B645-B69A2D98F3A6}.Release|Any CPU.ActiveCfg = Release|Any CPU
		{A09496CE-B057-4FDD-B645-B69A2D98F3A6}.Release|Any CPU.Build.0 = Release|Any CPU
	EndGlobalSection
	GlobalSection(SolutionProperties) = preSolution
		HideSolutionNode = FALSE
	EndGlobalSection
	GlobalSection(ExtensibilityGlobals) = postSolution
		SolutionGuid = {5B7BE752-7E76-4E69-90AF-E51472A9A180}
	EndGlobalSection
EndGlobal
